{
  "name": "js-time-libs",
  "version": "1.0.0",
  "lockfileVersion": 1,
  "requires": true,
  "dependencies": {
    "date-fns": {
      "version": "1.30.1",
      "resolved": "https://registry.npmjs.org/date-fns/-/date-fns-1.30.1.tgz",
      "integrity": "sha512-hBSVCvSmWC+QypYObzwGOd9wqdDpOt+0wl0KbU+R+uuZBS1jN8VsD1ss3irQDknRj5NvxiTF6oj/nDRnN/UQNw=="
    },
    "dayjs": {
      "version": "1.8.10",
      "resolved": "https://registry.npmjs.org/dayjs/-/dayjs-1.8.10.tgz",
      "integrity": "sha512-U+7kBBkJzPWww0vNeMkaBeJwnkivTACoajm+bTfwparjFcPI6/5JSQN40WVnX6yCsm20oGf1SkMkIIp4m/boAw=="
    },
    "js-joda": {
      "version": "1.9.3",
      "resolved": "https://registry.npmjs.org/js-joda/-/js-joda-1.9.3.tgz",
      "integrity": "sha512-vMB8u1vmlcnl1Pxk01JRf+AJoQudY40rMgqHoCX5JRShnWd9Km77yCChKFZsYC6wFGXBx8EhbeIPqN3Ecn+jxw=="
    },
    "luxon": {
      "version": "1.11.4",
      "resolved": "https://registry.npmjs.org/luxon/-/luxon-1.11.4.tgz",
      "integrity": "sha512-zTQ1DCShOGHIdNpa56yjDpUCowKDsBqeFVuEG2XBcrAM2udxN0g3N5RTZzbw94OkDiBgECsuDgLNnQTo73yghw=="
    },
    "moment": {
      "version": "2.24.0",
      "resolved": "https://registry.npmjs.org/moment/-/moment-2.24.0.tgz",
      "integrity": "sha512-bV7f+6l2QigeBBZSM/6yTNq4P2fNpSWj/0e7jQcy87A8e7o2nAfP/34/2ky5Vw4B9S446EtIhodAzkFCcR4dQg=="
    }
  }
}
